
Microsoft Visual Studio Solution File, Format Version 12.00
# Visual Studio Version 16
VisualStudioVersion = 16.0.29911.84
MinimumVisualStudioVersion = 10.0.40219.1
Project("{FAE04EC0-301F-11D3-BF4B-00C04F79EFBC}") = "Harjoitus", "Harjoitus\Harjoitus.csproj", "{EB9B9AF4-B160-4C57-8C74-F422FCB43DC1}"
EndProject
Global
	GlobalSection(SolutionConfigurationPlatforms) = preSolution
		Debug|Any CPU = Debug|Any CPU
		Release|Any CPU = Release|Any CPU
	EndGlobalSection
	GlobalSection(ProjectConfigurationPlatforms) = postSolution
		{EB9B9AF4-B160-4C57-8C74-F422FCB43DC1}.Debug|Any CPU.ActiveCfg = Debug|Any CPU
		{EB9B9AF4-B160-4C57-8C74-F422FCB43DC1}.Debug|Any CPU.Build.0 = Debug|Any CPU
		{EB9B9AF4-B160-4C57-8C74-F422FCB43DC1}.Release|Any CPU.ActiveCfg = Release|Any CPU
		{EB9B9AF4-B160-4C57-8C74-F422FCB43DC1}.Release|Any CPU.Build.0 = Release|Any CPU
	EndGlobalSection
	GlobalSection(SolutionProperties) = preSolution
		HideSolutionNode = FALSE
	EndGlobalSection
	GlobalSection(ExtensibilityGlobals) = postSolution
		SolutionGuid = {B2B19D38-5AA1-492C-B451-113795778017}
	EndGlobalSection
EndGlobal
