
Microsoft Visual Studio Solution File, Format Version 12.00
# Visual Studio Version 16
VisualStudioVersion = 16.0.29911.84
MinimumVisualStudioVersion = 10.0.40219.1
Project("{FAE04EC0-301F-11D3-BF4B-00C04F79EFBC}") = "WindowsFormsApp1", "WindowsFormsApp1\WindowsFormsApp1.csproj", "{BB7BB9A1-B96D-4E43-81A6-5EDDFB3E69CA}"
EndProject
Global
	GlobalSection(SolutionConfigurationPlatforms) = preSolution
		Debug|Any CPU = Debug|Any CPU
		Release|Any CPU = Release|Any CPU
	EndGlobalSection
	GlobalSection(ProjectConfigurationPlatforms) = postSolution
		{BB7BB9A1-B96D-4E43-81A6-5EDDFB3E69CA}.Debug|Any CPU.ActiveCfg = Debug|Any CPU
		{BB7BB9A1-B96D-4E43-81A6-5EDDFB3E69CA}.Debug|Any CPU.Build.0 = Debug|Any CPU
		{BB7BB9A1-B96D-4E43-81A6-5EDDFB3E69CA}.Release|Any CPU.ActiveCfg = Release|Any CPU
		{BB7BB9A1-B96D-4E43-81A6-5EDDFB3E69CA}.Release|Any CPU.Build.0 = Release|Any CPU
	EndGlobalSection
	GlobalSection(SolutionProperties) = preSolution
		HideSolutionNode = FALSE
	EndGlobalSection
	GlobalSection(ExtensibilityGlobals) = postSolution
		SolutionGuid = {88FB8DC9-9C48-4C65-8514-9A352BDFDFEB}
	EndGlobalSection
EndGlobal
